PODS:
  - ReactiveCocoa (2.5):
    - ReactiveCocoa/UI (= 2.5)
  - ReactiveCocoa/Core (2.5):
    - ReactiveCocoa/no-arc
  - ReactiveCocoa/no-arc (2.5)
  - ReactiveCocoa/UI (2.5):
    - ReactiveCocoa/Core
  - ReactiveTableViewBinding (1.0):
    - ReactiveCocoa (~> 2.4)
  - UITableView+FDTemplateLayoutCell (1.4)

DEPENDENCIES:
  - ReactiveTableViewBinding (~> 1.0)
  - UITableView+FDTemplateLayoutCell (~> 1.4)

SPEC CHECKSUMS:
  ReactiveCocoa: e2db045570aa97c695e7aa97c2bcab222ae51f4a
  ReactiveTableViewBinding: f925165a270dc51a3bc02ace494a2f212ae04498
  UITableView+FDTemplateLayoutCell: 234e1582bcc4e18461af91155123bb96538ed030

COCOAPODS: 0.39.0
