// !$*UTF8*$!
{
	archiveVersion = 1;
	classes = {
	};
	objectVersion = 46;
	objects = {

/* Begin PBXBuildFile section */
		0592DDCA1C8C15130063526D /* main.m in Sources */ = {isa = PBXBuildFile; fileRef = 0592DDC91C8C15130063526D /* main.m */; };
		0592DDCD1C8C15130063526D /* AppDelegate.m in Sources */ = {isa = PBXBuildFile; fileRef = 0592DDCC1C8C15130063526D /* AppDelegate.m */; };
		0592DDD01C8C15130063526D /* ViewController.m in Sources */ = {isa = PBXBuildFile; fileRef = 0592DDCF1C8C15130063526D /* ViewController.m */; };
		0592DDD31C8C15130063526D /* Main.storyboard in Resources */ = {isa = PBXBuildFile; fileRef = 0592DDD11C8C15130063526D /* Main.storyboard */; };
		0592DDD51C8C15130063526D /* Assets.xcassets in Resources */ = {isa = PBXBuildFile; fileRef = 0592DDD41C8C15130063526D /* Assets.xcassets */; };
		0592DDD81C8C15130063526D /* LaunchScreen.storyboard in Resources */ = {isa = PBXBuildFile; fileRef = 0592DDD61C8C15130063526D /* LaunchScreen.storyboard */; };
		0592DDE31C8C15130063526D /* DemoTests.m in Sources */ = {isa = PBXBuildFile; fileRef = 0592DDE21C8C15130063526D /* DemoTests.m */; };
		0592DDEE1C8C15130063526D /* DemoUITests.m in Sources */ = {isa = PBXBuildFile; fileRef = 0592DDED1C8C15130063526D /* DemoUITests.m */; };
		B3FD6D77958EE90F83DFFFAD /* libPods-DemoTests.a in Frameworks */ = {isa = PBXBuildFile; fileRef = 498529243FE3D31A051E7523 /* libPods-DemoTests.a */; };
		BC07799C1CA2A81A003CE168 /* ZDHeaderView.m in Sources */ = {isa = PBXBuildFile; fileRef = BC07799B1CA2A81A003CE168 /* ZDHeaderView.m */; };
		BC75FDB81C8FD44600C915E0 /* ZDModel.m in Sources */ = {isa = PBXBuildFile; fileRef = BC75FDB71C8FD44600C915E0 /* ZDModel.m */; };
		BC75FDC21C9029BF00C915E0 /* ZDCustomCell.m in Sources */ = {isa = PBXBuildFile; fileRef = BC75FDC11C9029BF00C915E0 /* ZDCustomCell.m */; };
		BC770C1E1CA3A165007731BC /* ZDHeaderView.xib in Resources */ = {isa = PBXBuildFile; fileRef = BC770C1D1CA3A165007731BC /* ZDHeaderView.xib */; };
		BC770C211CA3F385007731BC /* ZDFooterView.m in Sources */ = {isa = PBXBuildFile; fileRef = BC770C201CA3F385007731BC /* ZDFooterView.m */; };
		BC770C231CA3F39B007731BC /* ZDFooterView.xib in Resources */ = {isa = PBXBuildFile; fileRef = BC770C221CA3F39B007731BC /* ZDFooterView.xib */; };
		BCEE70001D5B0452002FFFF3 /* YYFPSLabel.m in Sources */ = {isa = PBXBuildFile; fileRef = BCEE6FFF1D5B0451002FFFF3 /* YYFPSLabel.m */; };
		BCEE70031D5B0513002FFFF3 /* YYWeakProxy.m in Sources */ = {isa = PBXBuildFile; fileRef = BCEE70021D5B0513002FFFF3 /* YYWeakProxy.m */; };
		CC85646B602573FA401C52C4 /* libPods-Demo.a in Frameworks */ = {isa = PBXBuildFile; fileRef = 6AE198B456128EA9341B0657 /* libPods-Demo.a */; };
		DA3E48A01F29F02A00528BB2 /* UIResponder+ZDRouter.m in Sources */ = {isa = PBXBuildFile; fileRef = DA3E489F1F29F02A00528BB2 /* UIResponder+ZDRouter.m */; };
/* End PBXBuildFile section */

/* Begin PBXContainerItemProxy section */
		0592DDDF1C8C15130063526D /* PBXContainerItemProxy */ = {
			isa = PBXContainerItemProxy;
			containerPortal = 0592DDBD1C8C15130063526D /* Project object */;
			proxyType = 1;
			remoteGlobalIDString = 0592DDC41C8C15130063526D;
			remoteInfo = Demo;
		};
		0592DDEA1C8C15130063526D /* PBXContainerItemProxy */ = {
			isa = PBXContainerItemProxy;
			containerPortal = 0592DDBD1C8C15130063526D /* Project object */;
			proxyType = 1;
			remoteGlobalIDString = 0592DDC41C8C15130063526D;
			remoteInfo = Demo;
		};
/* End PBXContainerItemProxy section */

/* Begin PBXFileReference section */
		0592DDC51C8C15130063526D /* ZDTableViewBinding.app */ = {isa = PBXFileReference; explicitFileType = wrapper.application; includeInIndex = 0; path = ZDTableViewBinding.app; sourceTree = BUILT_PRODUCTS_DIR; };
		0592DDC91C8C15130063526D /* main.m */ = {isa = PBXFileReference; lastKnownFileType = sourcecode.c.objc; path = main.m; sourceTree = "<group>"; };
		0592DDCB1C8C15130063526D /* AppDelegate.h */ = {isa = PBXFileReference; lastKnownFileType = sourcecode.c.h; path = AppDelegate.h; sourceTree = "<group>"; };
		0592DDCC1C8C15130063526D /* AppDelegate.m */ = {isa = PBXFileReference; lastKnownFileType = sourcecode.c.objc; path = AppDelegate.m; sourceTree = "<group>"; };
		0592DDCE1C8C15130063526D /* ViewController.h */ = {isa = PBXFileReference; lastKnownFileType = sourcecode.c.h; path = ViewController.h; sourceTree = "<group>"; };
		0592DDCF1C8C15130063526D /* ViewController.m */ = {isa = PBXFileReference; lastKnownFileType = sourcecode.c.objc; path = ViewController.m; sourceTree = "<group>"; };
		0592DDD21C8C15130063526D /* Base */ = {isa = PBXFileReference; lastKnownFileType = file.storyboard; name = Base; path = Base.lproj/Main.storyboard; sourceTree = "<group>"; };
		0592DDD41C8C15130063526D /* Assets.xcassets */ = {isa = PBXFileReference; lastKnownFileType = folder.assetcatalog; path = Assets.xcassets; sourceTree = "<group>"; };
		0592DDD71C8C15130063526D /* Base */ = {isa = PBXFileReference; lastKnownFileType = file.storyboard; name = Base; path = Base.lproj/LaunchScreen.storyboard; sourceTree = "<group>"; };
		0592DDD91C8C15130063526D /* Info.plist */ = {isa = PBXFileReference; lastKnownFileType = text.plist.xml; path = Info.plist; sourceTree = "<group>"; };
		0592DDDE1C8C15130063526D /* DemoTests.xctest */ = {isa = PBXFileReference; explicitFileType = wrapper.cfbundle; includeInIndex = 0; path = DemoTests.xctest; sourceTree = BUILT_PRODUCTS_DIR; };
		0592DDE21C8C15130063526D /* DemoTests.m */ = {isa = PBXFileReference; lastKnownFileType = sourcecode.c.objc; path = DemoTests.m; sourceTree = "<group>"; };
		0592DDE41C8C15130063526D /* Info.plist */ = {isa = PBXFileReference; lastKnownFileType = text.plist.xml; path = Info.plist; sourceTree = "<group>"; };
		0592DDE91C8C15130063526D /* DemoUITests.xctest */ = {isa = PBXFileReference; explicitFileType = wrapper.cfbundle; includeInIndex = 0; path = DemoUITests.xctest; sourceTree = BUILT_PRODUCTS_DIR; };
		0592DDED1C8C15130063526D /* DemoUITests.m */ = {isa = PBXFileReference; lastKnownFileType = sourcecode.c.objc; path = DemoUITests.m; sourceTree = "<group>"; };
		0592DDEF1C8C15130063526D /* Info.plist */ = {isa = PBXFileReference; lastKnownFileType = text.plist.xml; path = Info.plist; sourceTree = "<group>"; };
		353861B0433ADC41BC0A112A /* Pods-DemoTests.debug.xcconfig */ = {isa = PBXFileReference; includeInIndex = 1; lastKnownFileType = text.xcconfig; name = "Pods-DemoTests.debug.xcconfig"; path = "Pods/Target Support Files/Pods-DemoTests/Pods-DemoTests.debug.xcconfig"; sourceTree = "<group>"; };
		498529243FE3D31A051E7523 /* libPods-DemoTests.a */ = {isa = PBXFileReference; explicitFileType = archive.ar; includeInIndex = 0; path = "libPods-DemoTests.a"; sourceTree = BUILT_PRODUCTS_DIR; };
		5DCB6B1B05D701820513A185 /* Pods-DemoTests.release.xcconfig */ = {isa = PBXFileReference; includeInIndex = 1; lastKnownFileType = text.xcconfig; name = "Pods-DemoTests.release.xcconfig"; path = "Pods/Target Support Files/Pods-DemoTests/Pods-DemoTests.release.xcconfig"; sourceTree = "<group>"; };
		6344B6D33DDB0E46114AF5CC /* Pods-Demo.release.xcconfig */ = {isa = PBXFileReference; includeInIndex = 1; lastKnownFileType = text.xcconfig; name = "Pods-Demo.release.xcconfig"; path = "Pods/Target Support Files/Pods-Demo/Pods-Demo.release.xcconfig"; sourceTree = "<group>"; };
		6AE198B456128EA9341B0657 /* libPods-Demo.a */ = {isa = PBXFileReference; explicitFileType = archive.ar; includeInIndex = 0; path = "libPods-Demo.a"; sourceTree = BUILT_PRODUCTS_DIR; };
		BC07799A1CA2A81A003CE168 /* ZDHeaderView.h */ = {isa = PBXFileReference; fileEncoding = 4; lastKnownFileType = sourcecode.c.h; path = ZDHeaderView.h; sourceTree = "<group>"; };
		BC07799B1CA2A81A003CE168 /* ZDHeaderView.m */ = {isa = PBXFileReference; fileEncoding = 4; lastKnownFileType = sourcecode.c.objc; path = ZDHeaderView.m; sourceTree = "<group>"; };
		BC75FDB61C8FD44600C915E0 /* ZDModel.h */ = {isa = PBXFileReference; fileEncoding = 4; lastKnownFileType = sourcecode.c.h; path = ZDModel.h; sourceTree = "<group>"; };
		BC75FDB71C8FD44600C915E0 /* ZDModel.m */ = {isa = PBXFileReference; fileEncoding = 4; lastKnownFileType = sourcecode.c.objc; path = ZDModel.m; sourceTree = "<group>"; };
		BC75FDC01C9029BF00C915E0 /* ZDCustomCell.h */ = {isa = PBXFileReference; fileEncoding = 4; lastKnownFileType = sourcecode.c.h; path = ZDCustomCell.h; sourceTree = "<group>"; };
		BC75FDC11C9029BF00C915E0 /* ZDCustomCell.m */ = {isa = PBXFileReference; fileEncoding = 4; lastKnownFileType = sourcecode.c.objc; path = ZDCustomCell.m; sourceTree = "<group>"; };
		BC770C1D1CA3A165007731BC /* ZDHeaderView.xib */ = {isa = PBXFileReference; fileEncoding = 4; lastKnownFileType = file.xib; path = ZDHeaderView.xib; sourceTree = "<group>"; };
		BC770C1F1CA3F385007731BC /* ZDFooterView.h */ = {isa = PBXFileReference; fileEncoding = 4; lastKnownFileType = sourcecode.c.h; path = ZDFooterView.h; sourceTree = "<group>"; };
		BC770C201CA3F385007731BC /* ZDFooterView.m */ = {isa = PBXFileReference; fileEncoding = 4; lastKnownFileType = sourcecode.c.objc; path = ZDFooterView.m; sourceTree = "<group>"; };
		BC770C221CA3F39B007731BC /* ZDFooterView.xib */ = {isa = PBXFileReference; fileEncoding = 4; lastKnownFileType = file.xib; path = ZDFooterView.xib; sourceTree = "<group>"; };
		BCEE6FFE1D5B0451002FFFF3 /* YYFPSLabel.h */ = {isa = PBXFileReference; fileEncoding = 4; lastKnownFileType = sourcecode.c.h; path = YYFPSLabel.h; sourceTree = "<group>"; };
		BCEE6FFF1D5B0451002FFFF3 /* YYFPSLabel.m */ = {isa = PBXFileReference; fileEncoding = 4; lastKnownFileType = sourcecode.c.objc; path = YYFPSLabel.m; sourceTree = "<group>"; };
		BCEE70011D5B0513002FFFF3 /* YYWeakProxy.h */ = {isa = PBXFileReference; fileEncoding = 4; lastKnownFileType = sourcecode.c.h; path = YYWeakProxy.h; sourceTree = "<group>"; };
		BCEE70021D5B0513002FFFF3 /* YYWeakProxy.m */ = {isa = PBXFileReference; fileEncoding = 4; lastKnownFileType = sourcecode.c.objc; path = YYWeakProxy.m; sourceTree = "<group>"; };
		DA3E489E1F29F02A00528BB2 /* UIResponder+ZDRouter.h */ = {isa = PBXFileReference; fileEncoding = 4; lastKnownFileType = sourcecode.c.h; path = "UIResponder+ZDRouter.h"; sourceTree = "<group>"; };
		DA3E489F1F29F02A00528BB2 /* UIResponder+ZDRouter.m */ = {isa = PBXFileReference; fileEncoding = 4; lastKnownFileType = sourcecode.c.objc; path = "UIResponder+ZDRouter.m"; sourceTree = "<group>"; };
		DC107892207001210A19034F /* Pods-Demo.debug.xcconfig */ = {isa = PBXFileReference; includeInIndex = 1; lastKnownFileType = text.xcconfig; name = "Pods-Demo.debug.xcconfig"; path = "Pods/Target Support Files/Pods-Demo/Pods-Demo.debug.xcconfig"; sourceTree = "<group>"; };
/* End PBXFileReference section */

/* Begin PBXFrameworksBuildPhase section */
		0592DDC21C8C15130063526D /* Frameworks */ = {
			isa = PBXFrameworksBuildPhase;
			buildActionMask = 2147483647;
			files = (
				CC85646B602573FA401C52C4 /* libPods-Demo.a in Frameworks */,
			);
			runOnlyForDeploymentPostprocessing = 0;
		};
		0592DDDB1C8C15130063526D /* Frameworks */ = {
			isa = PBXFrameworksBuildPhase;
			buildActionMask = 2147483647;
			files = (
				B3FD6D77958EE90F83DFFFAD /* libPods-DemoTests.a in Frameworks */,
			);
			runOnlyForDeploymentPostprocessing = 0;
		};
		0592DDE61C8C15130063526D /* Frameworks */ = {
			isa = PBXFrameworksBuildPhase;
			buildActionMask = 2147483647;
			files = (
			);
			runOnlyForDeploymentPostprocessing = 0;
		};
/* End PBXFrameworksBuildPhase section */

/* Begin PBXGroup section */
		0592DDBC1C8C15130063526D = {
			isa = PBXGroup;
			children = (
				0592DDC71C8C15130063526D /* Demo */,
				0592DDE11C8C15130063526D /* DemoTests */,
				0592DDEC1C8C15130063526D /* DemoUITests */,
				0592DDC61C8C15130063526D /* Products */,
				5C60ED864E361C1424F1072B /* Pods */,
				841B6C8C0464492227FD43D6 /* Frameworks */,
			);
			sourceTree = "<group>";
		};
		0592DDC61C8C15130063526D /* Products */ = {
			isa = PBXGroup;
			children = (
				0592DDC51C8C15130063526D /* ZDTableViewBinding.app */,
				0592DDDE1C8C15130063526D /* DemoTests.xctest */,
				0592DDE91C8C15130063526D /* DemoUITests.xctest */,
			);
			name = Products;
			sourceTree = "<group>";
		};
		0592DDC71C8C15130063526D /* Demo */ = {
			isa = PBXGroup;
			children = (
				BC75FDBF1C90299900C915E0 /* View */,
				BC75FDB51C8FD43100C915E0 /* Model */,
				0592DDCB1C8C15130063526D /* AppDelegate.h */,
				0592DDCC1C8C15130063526D /* AppDelegate.m */,
				0592DDCE1C8C15130063526D /* ViewController.h */,
				0592DDCF1C8C15130063526D /* ViewController.m */,
				0592DDD11C8C15130063526D /* Main.storyboard */,
				0592DDD41C8C15130063526D /* Assets.xcassets */,
				0592DDD61C8C15130063526D /* LaunchScreen.storyboard */,
				0592DDD91C8C15130063526D /* Info.plist */,
				BCEE6FFD1D5B043A002FFFF3 /* Vendor */,
				0592DDC81C8C15130063526D /* Supporting Files */,
			);
			path = Demo;
			sourceTree = "<group>";
		};
		0592DDC81C8C15130063526D /* Supporting Files */ = {
			isa = PBXGroup;
			children = (
				0592DDC91C8C15130063526D /* main.m */,
			);
			name = "Supporting Files";
			sourceTree = "<group>";
		};
		0592DDE11C8C15130063526D /* DemoTests */ = {
			isa = PBXGroup;
			children = (
				0592DDE21C8C15130063526D /* DemoTests.m */,
				0592DDE41C8C15130063526D /* Info.plist */,
			);
			path = DemoTests;
			sourceTree = "<group>";
		};
		0592DDEC1C8C15130063526D /* DemoUITests */ = {
			isa = PBXGroup;
			children = (
				0592DDED1C8C15130063526D /* DemoUITests.m */,
				0592DDEF1C8C15130063526D /* Info.plist */,
			);
			path = DemoUITests;
			sourceTree = "<group>";
		};
		5C60ED864E361C1424F1072B /* Pods */ = {
			isa = PBXGroup;
			children = (
				DC107892207001210A19034F /* Pods-Demo.debug.xcconfig */,
				6344B6D33DDB0E46114AF5CC /* Pods-Demo.release.xcconfig */,
				353861B0433ADC41BC0A112A /* Pods-DemoTests.debug.xcconfig */,
				5DCB6B1B05D701820513A185 /* Pods-DemoTests.release.xcconfig */,
			);
			name = Pods;
			sourceTree = "<group>";
		};
		841B6C8C0464492227FD43D6 /* Frameworks */ = {
			isa = PBXGroup;
			children = (
				6AE198B456128EA9341B0657 /* libPods-Demo.a */,
				498529243FE3D31A051E7523 /* libPods-DemoTests.a */,
			);
			name = Frameworks;
			sourceTree = "<group>";
		};
		BC75FDB51C8FD43100C915E0 /* Model */ = {
			isa = PBXGroup;
			children = (
				BC75FDB61C8FD44600C915E0 /* ZDModel.h */,
				BC75FDB71C8FD44600C915E0 /* ZDModel.m */,
			);
			path = Model;
			sourceTree = "<group>";
		};
		BC75FDBF1C90299900C915E0 /* View */ = {
			isa = PBXGroup;
			children = (
				BC75FDC01C9029BF00C915E0 /* ZDCustomCell.h */,
				BC75FDC11C9029BF00C915E0 /* ZDCustomCell.m */,
				BC07799A1CA2A81A003CE168 /* ZDHeaderView.h */,
				BC07799B1CA2A81A003CE168 /* ZDHeaderView.m */,
				BC770C1D1CA3A165007731BC /* ZDHeaderView.xib */,
				BC770C1F1CA3F385007731BC /* ZDFooterView.h */,
				BC770C201CA3F385007731BC /* ZDFooterView.m */,
				BC770C221CA3F39B007731BC /* ZDFooterView.xib */,
			);
			name = View;
			sourceTree = "<group>";
		};
		BCEE6FFD1D5B043A002FFFF3 /* Vendor */ = {
			isa = PBXGroup;
			children = (
				BCEE6FFE1D5B0451002FFFF3 /* YYFPSLabel.h */,
				BCEE6FFF1D5B0451002FFFF3 /* YYFPSLabel.m */,
				BCEE70011D5B0513002FFFF3 /* YYWeakProxy.h */,
				BCEE70021D5B0513002FFFF3 /* YYWeakProxy.m */,
				DA3E489E1F29F02A00528BB2 /* UIResponder+ZDRouter.h */,
				DA3E489F1F29F02A00528BB2 /* UIResponder+ZDRouter.m */,
			);
			path = Vendor;
			sourceTree = "<group>";
		};
/* End PBXGroup section */

/* Begin PBXNativeTarget section */
		0592DDC41C8C15130063526D /* Demo */ = {
			isa = PBXNativeTarget;
			buildConfigurationList = 0592DDF21C8C15130063526D /* Build configuration list for PBXNativeTarget "Demo" */;
			buildPhases = (
				50E1BF86C0383F05A58EC8F9 /* [CP] Check Pods Manifest.lock */,
				0592DDC11C8C15130063526D /* Sources */,
				0592DDC21C8C15130063526D /* Frameworks */,
				0592DDC31C8C15130063526D /* Resources */,
				501E6522F7342C2F37A96BEB /* [CP] Embed Pods Frameworks */,
				8BBD7AD0E7AA13E2AECE226C /* [CP] Copy Pods Resources */,
			);
			buildRules = (
			);
			dependencies = (
			);
			name = Demo;
			productName = Demo;
			productReference = 0592DDC51C8C15130063526D /* ZDTableViewBinding.app */;
			productType = "com.apple.product-type.application";
		};
		0592DDDD1C8C15130063526D /* DemoTests */ = {
			isa = PBXNativeTarget;
			buildConfigurationList = 0592DDF51C8C15130063526D /* Build configuration list for PBXNativeTarget "DemoTests" */;
			buildPhases = (
				FBF1D4569BF8CCEB2584948C /* [CP] Check Pods Manifest.lock */,
				0592DDDA1C8C15130063526D /* Sources */,
				0592DDDB1C8C15130063526D /* Frameworks */,
				0592DDDC1C8C15130063526D /* Resources */,
				D05CD54F044C7E591D20BFA8 /* [CP] Embed Pods Frameworks */,
				005EC73C83A6A2EB1765DF1F /* [CP] Copy Pods Resources */,
			);
			buildRules = (
			);
			dependencies = (
				0592DDE01C8C15130063526D /* PBXTargetDependency */,
			);
			name = DemoTests;
			productName = DemoTests;
			productReference = 0592DDDE1C8C15130063526D /* DemoTests.xctest */;
			productType = "com.apple.product-type.bundle.unit-test";
		};
		0592DDE81C8C15130063526D /* DemoUITests */ = {
			isa = PBXNativeTarget;
			buildConfigurationList = 0592DDF81C8C15130063526D /* Build configuration list for PBXNativeTarget "DemoUITests" */;
			buildPhases = (
				0592DDE51C8C15130063526D /* Sources */,
				0592DDE61C8C15130063526D /* Frameworks */,
				0592DDE71C8C15130063526D /* Resources */,
			);
			buildRules = (
			);
			dependencies = (
				0592DDEB1C8C15130063526D /* PBXTargetDependency */,
			);
			name = DemoUITests;
			productName = DemoUITests;
			productReference = 0592DDE91C8C15130063526D /* DemoUITests.xctest */;
			productType = "com.apple.product-type.bundle.ui-testing";
		};
/* End PBXNativeTarget section */

/* Begin PBXProject section */
		0592DDBD1C8C15130063526D /* Project object */ = {
			isa = PBXProject;
			attributes = {
				CLASSPREFIX = ZD;
				LastUpgradeCheck = 0720;
				ORGANIZATIONNAME = Zero.D.Saber;
				TargetAttributes = {
					0592DDC41C8C15130063526D = {
						CreatedOnToolsVersion = 7.2;
						DevelopmentTeam = 36NX5886GJ;
					};
					0592DDDD1C8C15130063526D = {
						CreatedOnToolsVersion = 7.2;
						TestTargetID = 0592DDC41C8C15130063526D;
					};
					0592DDE81C8C15130063526D = {
						CreatedOnToolsVersion = 7.2;
						TestTargetID = 0592DDC41C8C15130063526D;
					};
				};
			};
			buildConfigurationList = 0592DDC01C8C15130063526D /* Build configuration list for PBXProject "Demo" */;
			compatibilityVersion = "Xcode 3.2";
			developmentRegion = English;
			hasScannedForEncodings = 0;
			knownRegions = (
				en,
				Base,
			);
			mainGroup = 0592DDBC1C8C15130063526D;
			productRefGroup = 0592DDC61C8C15130063526D /* Products */;
			projectDirPath = "";
			projectRoot = "";
			targets = (
				0592DDC41C8C15130063526D /* Demo */,
				0592DDDD1C8C15130063526D /* DemoTests */,
				0592DDE81C8C15130063526D /* DemoUITests */,
			);
		};
/* End PBXProject section */

/* Begin PBXResourcesBuildPhase section */
		0592DDC31C8C15130063526D /* Resources */ = {
			isa = PBXResourcesBuildPhase;
			buildActionMask = 2147483647;
			files = (
				BC770C231CA3F39B007731BC /* ZDFooterView.xib in Resources */,
				0592DDD81C8C15130063526D /* LaunchScreen.storyboard in Resources */,
				0592DDD51C8C15130063526D /* Assets.xcassets in Resources */,
				0592DDD31C8C15130063526D /* Main.storyboard in Resources */,
				BC770C1E1CA3A165007731BC /* ZDHeaderView.xib in Resources */,
			);
			runOnlyForDeploymentPostprocessing = 0;
		};
		0592DDDC1C8C15130063526D /* Resources */ = {
			isa = PBXResourcesBuildPhase;
			buildActionMask = 2147483647;
			files = (
			);
			runOnlyForDeploymentPostprocessing = 0;
		};
		0592DDE71C8C15130063526D /* Resources */ = {
			isa = PBXResourcesBuildPhase;
			buildActionMask = 2147483647;
			files = (
			);
			runOnlyForDeploymentPostprocessing = 0;
		};
/* End PBXResourcesBuildPhase section */

/* Begin PBXShellScriptBuildPhase section */
		005EC73C83A6A2EB1765DF1F /* [CP] Copy Pods Resources */ = {
			isa = PBXShellScriptBuildPhase;
			buildActionMask = 2147483647;
			files = (
			);
			inputPaths = (
			);
			name = "[CP] Copy Pods Resources";
			outputPaths = (
			);
			runOnlyForDeploymentPostprocessing = 0;
			shellPath = /bin/sh;
			shellScript = "\"${SRCROOT}/Pods/Target Support Files/Pods-DemoTests/Pods-DemoTests-resources.sh\"\n";
			showEnvVarsInLog = 0;
		};
		501E6522F7342C2F37A96BEB /* [CP] Embed Pods Frameworks */ = {
			isa = PBXShellScriptBuildPhase;
			buildActionMask = 2147483647;
			files = (
			);
			inputPaths = (
			);
			name = "[CP] Embed Pods Frameworks";
			outputPaths = (
			);
			runOnlyForDeploymentPostprocessing = 0;
			shellPath = /bin/sh;
			shellScript = "\"${SRCROOT}/Pods/Target Support Files/Pods-Demo/Pods-Demo-frameworks.sh\"\n";
			showEnvVarsInLog = 0;
		};
		50E1BF86C0383F05A58EC8F9 /* [CP] Check Pods Manifest.lock */ = {
			isa = PBXShellScriptBuildPhase;
			buildActionMask = 2147483647;
			files = (
			);
			inputPaths = (
			);
			name = "[CP] Check Pods Manifest.lock";
			outputPaths = (
			);
			runOnlyForDeploymentPostprocessing = 0;
			shellPath = /bin/sh;
			shellScript = "diff \"${PODS_PODFILE_DIR_PATH}/Podfile.lock\" \"${PODS_ROOT}/Manifest.lock\" > /dev/null\nif [ $? != 0 ] ; then\n    # print error to STDERR\n    echo \"error: The sandbox is not in sync with the Podfile.lock. Run 'pod install' or update your CocoaPods installation.\" >&2\n    exit 1\nfi\n";
			showEnvVarsInLog = 0;
		};
		8BBD7AD0E7AA13E2AECE226C /* [CP] Copy Pods Resources */ = {
			isa = PBXShellScriptBuildPhase;
			buildActionMask = 2147483647;
			files = (
			);
			inputPaths = (
			);
			name = "[CP] Copy Pods Resources";
			outputPaths = (
			);
			runOnlyForDeploymentPostprocessing = 0;
			shellPath = /bin/sh;
			shellScript = "\"${SRCROOT}/Pods/Target Support Files/Pods-Demo/Pods-Demo-resources.sh\"\n";
			showEnvVarsInLog = 0;
		};
		D05CD54F044C7E591D20BFA8 /* [CP] Embed Pods Frameworks */ = {
			isa = PBXShellScriptBuildPhase;
			buildActionMask = 2147483647;
			files = (
			);
			inputPaths = (
			);
			name = "[CP] Embed Pods Frameworks";
			outputPaths = (
			);
			runOnlyForDeploymentPostprocessing = 0;
			shellPath = /bin/sh;
			shellScript = "\"${SRCROOT}/Pods/Target Support Files/Pods-DemoTests/Pods-DemoTests-frameworks.sh\"\n";
			showEnvVarsInLog = 0;
		};
		FBF1D4569BF8CCEB2584948C /* [CP] Check Pods Manifest.lock */ = {
			isa = PBXShellScriptBuildPhase;
			buildActionMask = 2147483647;
			files = (
			);
			inputPaths = (
			);
			name = "[CP] Check Pods Manifest.lock";
			outputPaths = (
			);
			runOnlyForDeploymentPostprocessing = 0;
			shellPath = /bin/sh;
			shellScript = "diff \"${PODS_PODFILE_DIR_PATH}/Podfile.lock\" \"${PODS_ROOT}/Manifest.lock\" > /dev/null\nif [ $? != 0 ] ; then\n    # print error to STDERR\n    echo \"error: The sandbox is not in sync with the Podfile.lock. Run 'pod install' or update your CocoaPods installation.\" >&2\n    exit 1\nfi\n";
			showEnvVarsInLog = 0;
		};
/* End PBXShellScriptBuildPhase section */

/* Begin PBXSourcesBuildPhase section */
		0592DDC11C8C15130063526D /* Sources */ = {
			isa = PBXSourcesBuildPhase;
			buildActionMask = 2147483647;
			files = (
				BC75FDB81C8FD44600C915E0 /* ZDModel.m in Sources */,
				BC07799C1CA2A81A003CE168 /* ZDHeaderView.m in Sources */,
				0592DDD01C8C15130063526D /* ViewController.m in Sources */,
				0592DDCD1C8C15130063526D /* AppDelegate.m in Sources */,
				BCEE70031D5B0513002FFFF3 /* YYWeakProxy.m in Sources */,
				0592DDCA1C8C15130063526D /* main.m in Sources */,
				BCEE70001D5B0452002FFFF3 /* YYFPSLabel.m in Sources */,
				DA3E48A01F29F02A00528BB2 /* UIResponder+ZDRouter.m in Sources */,
				BC75FDC21C9029BF00C915E0 /* ZDCustomCell.m in Sources */,
				BC770C211CA3F385007731BC /* ZDFooterView.m in Sources */,
			);
			runOnlyForDeploymentPostprocessing = 0;
		};
		0592DDDA1C8C15130063526D /* Sources */ = {
			isa = PBXSourcesBuildPhase;
			buildActionMask = 2147483647;
			files = (
				0592DDE31C8C15130063526D /* DemoTests.m in Sources */,
			);
			runOnlyForDeploymentPostprocessing = 0;
		};
		0592DDE51C8C15130063526D /* Sources */ = {
			isa = PBXSourcesBuildPhase;
			buildActionMask = 2147483647;
			files = (
				0592DDEE1C8C15130063526D /* DemoUITests.m in Sources */,
			);
			runOnlyForDeploymentPostprocessing = 0;
		};
/* End PBXSourcesBuildPhase section */

/* Begin PBXTargetDependency section */
		0592DDE01C8C15130063526D /* PBXTargetDependency */ = {
			isa = PBXTargetDependency;
			target = 0592DDC41C8C15130063526D /* Demo */;
			targetProxy = 0592DDDF1C8C15130063526D /* PBXContainerItemProxy */;
		};
		0592DDEB1C8C15130063526D /* PBXTargetDependency */ = {
			isa = PBXTargetDependency;
			target = 0592DDC41C8C15130063526D /* Demo */;
			targetProxy = 0592DDEA1C8C15130063526D /* PBXContainerItemProxy */;
		};
/* End PBXTargetDependency section */

/* Begin PBXVariantGroup section */
		0592DDD11C8C15130063526D /* Main.storyboard */ = {
			isa = PBXVariantGroup;
			children = (
				0592DDD21C8C15130063526D /* Base */,
			);
			name = Main.storyboard;
			sourceTree = "<group>";
		};
		0592DDD61C8C15130063526D /* LaunchScreen.storyboard */ = {
			isa = PBXVariantGroup;
			children = (
				0592DDD71C8C15130063526D /* Base */,
			);
			name = LaunchScreen.storyboard;
			sourceTree = "<group>";
		};
/* End PBXVariantGroup section */

/* Begin XCBuildConfiguration section */
		0592DDF01C8C15130063526D /* Debug */ = {
			isa = XCBuildConfiguration;
			buildSettings = {
				ALWAYS_SEARCH_USER_PATHS = NO;
				CLANG_CXX_LANGUAGE_STANDARD = "gnu++0x";
				CLANG_CXX_LIBRARY = "libc++";
				CLANG_ENABLE_MODULES = YES;
				CLANG_ENABLE_OBJC_ARC = YES;
				CLANG_WARN_BOOL_CONVERSION = YES;
				CLANG_WARN_CONSTANT_CONVERSION = YES;
				CLANG_WARN_DIRECT_OBJC_ISA_USAGE = YES_ERROR;
				CLANG_WARN_EMPTY_BODY = YES;
				CLANG_WARN_ENUM_CONVERSION = YES;
				CLANG_WARN_INT_CONVERSION = YES;
				CLANG_WARN_OBJC_ROOT_CLASS = YES_ERROR;
				CLANG_WARN_UNREACHABLE_CODE = YES;
				CLANG_WARN__DUPLICATE_METHOD_MATCH = YES;
				"CODE_SIGN_IDENTITY[sdk=iphoneos*]" = "iPhone Developer";
				COPY_PHASE_STRIP = NO;
				DEBUG_INFORMATION_FORMAT = dwarf;
				ENABLE_STRICT_OBJC_MSGSEND = YES;
				ENABLE_TESTABILITY = YES;
				GCC_C_LANGUAGE_STANDARD = gnu99;
				GCC_DYNAMIC_NO_PIC = NO;
				GCC_NO_COMMON_BLOCKS = YES;
				GCC_OPTIMIZATION_LEVEL = 0;
				GCC_PREPROCESSOR_DEFINITIONS = (
					"DEBUG=1",
					"$(inherited)",
				);
				GCC_WARN_64_TO_32_BIT_CONVERSION = YES;
				GCC_WARN_ABOUT_RETURN_TYPE = YES_ERROR;
				GCC_WARN_UNDECLARED_SELECTOR = YES;
				GCC_WARN_UNINITIALIZED_AUTOS = YES_AGGRESSIVE;
				GCC_WARN_UNUSED_FUNCTION = YES;
				GCC_WARN_UNUSED_VARIABLE = YES;
				IPHONEOS_DEPLOYMENT_TARGET = 8.0;
				MTL_ENABLE_DEBUG_INFO = YES;
				ONLY_ACTIVE_ARCH = YES;
				SDKROOT = iphoneos;
				TARGETED_DEVICE_FAMILY = "1,2";
			};
			name = Debug;
		};
		0592DDF11C8C15130063526D /* Release */ = {
			isa = XCBuildConfiguration;
			buildSettings = {
				ALWAYS_SEARCH_USER_PATHS = NO;
				CLANG_CXX_LANGUAGE_STANDARD = "gnu++0x";
				CLANG_CXX_LIBRARY = "libc++";
				CLANG_ENABLE_MODULES = YES;
				CLANG_ENABLE_OBJC_ARC = YES;
				CLANG_WARN_BOOL_CONVERSION = YES;
				CLANG_WARN_CONSTANT_CONVERSION = YES;
				CLANG_WARN_DIRECT_OBJC_ISA_USAGE = YES_ERROR;
				CLANG_WARN_EMPTY_BODY = YES;
				CLANG_WARN_ENUM_CONVERSION = YES;
				CLANG_WARN_INT_CONVERSION = YES;
				CLANG_WARN_OBJC_ROOT_CLASS = YES_ERROR;
				CLANG_WARN_UNREACHABLE_CODE = YES;
				CLANG_WARN__DUPLICATE_METHOD_MATCH = YES;
				"CODE_SIGN_IDENTITY[sdk=iphoneos*]" = "iPhone Developer";
				COPY_PHASE_STRIP = NO;
				DEBUG_INFORMATION_FORMAT = "dwarf-with-dsym";
				ENABLE_NS_ASSERTIONS = NO;
				ENABLE_STRICT_OBJC_MSGSEND = YES;
				GCC_C_LANGUAGE_STANDARD = gnu99;
				GCC_NO_COMMON_BLOCKS = YES;
				GCC_WARN_64_TO_32_BIT_CONVERSION = YES;
				GCC_WARN_ABOUT_RETURN_TYPE = YES_ERROR;
				GCC_WARN_UNDECLARED_SELECTOR = YES;
				GCC_WARN_UNINITIALIZED_AUTOS = YES_AGGRESSIVE;
				GCC_WARN_UNUSED_FUNCTION = YES;
				GCC_WARN_UNUSED_VARIABLE = YES;
				IPHONEOS_DEPLOYMENT_TARGET = 8.0;
				MTL_ENABLE_DEBUG_INFO = NO;
				SDKROOT = iphoneos;
				TARGETED_DEVICE_FAMILY = "1,2";
				VALIDATE_PRODUCT = YES;
			};
			name = Release;
		};
		0592DDF31C8C15130063526D /* Debug */ = {
			isa = XCBuildConfiguration;
			baseConfigurationReference = DC107892207001210A19034F /* Pods-Demo.debug.xcconfig */;
			buildSettings = {
				ASSETCATALOG_COMPILER_APPICON_NAME = AppIcon;
				DEVELOPMENT_TEAM = 36NX5886GJ;
				INFOPLIST_FILE = Demo/Info.plist;
				IPHONEOS_DEPLOYMENT_TARGET = 8.0;
				LD_RUNPATH_SEARCH_PATHS = "$(inherited) @executable_path/Frameworks";
				PRODUCT_BUNDLE_IDENTIFIER = ZD.Demo;
				PRODUCT_NAME = ZDTableViewBinding;
			};
			name = Debug;
		};
		0592DDF41C8C15130063526D /* Release */ = {
			isa = XCBuildConfiguration;
			baseConfigurationReference = 6344B6D33DDB0E46114AF5CC /* Pods-Demo.release.xcconfig */;
			buildSettings = {
				ASSETCATALOG_COMPILER_APPICON_NAME = AppIcon;
				DEVELOPMENT_TEAM = 36NX5886GJ;
				INFOPLIST_FILE = Demo/Info.plist;
				IPHONEOS_DEPLOYMENT_TARGET = 8.0;
				LD_RUNPATH_SEARCH_PATHS = "$(inherited) @executable_path/Frameworks";
				PRODUCT_BUNDLE_IDENTIFIER = ZD.Demo;
				PRODUCT_NAME = ZDTableViewBinding;
			};
			name = Release;
		};
		0592DDF61C8C15130063526D /* Debug */ = {
			isa = XCBuildConfiguration;
			baseConfigurationReference = 353861B0433ADC41BC0A112A /* Pods-DemoTests.debug.xcconfig */;
			buildSettings = {
				BUNDLE_LOADER = "$(TEST_HOST)";
				INFOPLIST_FILE = DemoTests/Info.plist;
				LD_RUNPATH_SEARCH_PATHS = "$(inherited) @executable_path/Frameworks @loader_path/Frameworks";
				PRODUCT_BUNDLE_IDENTIFIER = ZD.DemoTests;
				PRODUCT_NAME = "$(TARGET_NAME)";
				TEST_HOST = "$(BUILT_PRODUCTS_DIR)/Demo.app/Demo";
			};
			name = Debug;
		};
		0592DDF71C8C15130063526D /* Release */ = {
			isa = XCBuildConfiguration;
			baseConfigurationReference = 5DCB6B1B05D701820513A185 /* Pods-DemoTests.release.xcconfig */;
			buildSettings = {
				BUNDLE_LOADER = "$(TEST_HOST)";
				INFOPLIST_FILE = DemoTests/Info.plist;
				LD_RUNPATH_SEARCH_PATHS = "$(inherited) @executable_path/Frameworks @loader_path/Frameworks";
				PRODUCT_BUNDLE_IDENTIFIER = ZD.DemoTests;
				PRODUCT_NAME = "$(TARGET_NAME)";
				TEST_HOST = "$(BUILT_PRODUCTS_DIR)/Demo.app/Demo";
			};
			name = Release;
		};
		0592DDF91C8C15130063526D /* Debug */ = {
			isa = XCBuildConfiguration;
			buildSettings = {
				INFOPLIST_FILE = DemoUITests/Info.plist;
				LD_RUNPATH_SEARCH_PATHS = "$(inherited) @executable_path/Frameworks @loader_path/Frameworks";
				PRODUCT_BUNDLE_IDENTIFIER = ZD.DemoUITests;
				PRODUCT_NAME = "$(TARGET_NAME)";
				TEST_TARGET_NAME = Demo;
				USES_XCTRUNNER = YES;
			};
			name = Debug;
		};
		0592DDFA1C8C15130063526D /* Release */ = {
			isa = XCBuildConfiguration;
			buildSettings = {
				INFOPLIST_FILE = DemoUITests/Info.plist;
				LD_RUNPATH_SEARCH_PATHS = "$(inherited) @executable_path/Frameworks @loader_path/Frameworks";
				PRODUCT_BUNDLE_IDENTIFIER = ZD.DemoUITests;
				PRODUCT_NAME = "$(TARGET_NAME)";
				TEST_TARGET_NAME = Demo;
				USES_XCTRUNNER = YES;
			};
			name = Release;
		};
/* End XCBuildConfiguration section */

/* Begin XCConfigurationList section */
		0592DDC01C8C15130063526D /* Build configuration list for PBXProject "Demo" */ = {
			isa = XCConfigurationList;
			buildConfigurations = (
				0592DDF01C8C15130063526D /* Debug */,
				0592DDF11C8C15130063526D /* Release */,
			);
			defaultConfigurationIsVisible = 0;
			defaultConfigurationName = Release;
		};
		0592DDF21C8C15130063526D /* Build configuration list for PBXNativeTarget "Demo" */ = {
			isa = XCConfigurationList;
			buildConfigurations = (
				0592DDF31C8C15130063526D /* Debug */,
				0592DDF41C8C15130063526D /* Release */,
			);
			defaultConfigurationIsVisible = 0;
			defaultConfigurationName = Release;
		};
		0592DDF51C8C15130063526D /* Build configuration list for PBXNativeTarget "DemoTests" */ = {
			isa = XCConfigurationList;
			buildConfigurations = (
				0592DDF61C8C15130063526D /* Debug */,
				0592DDF71C8C15130063526D /* Release */,
			);
			defaultConfigurationIsVisible = 0;
			defaultConfigurationName = Release;
		};
		0592DDF81C8C15130063526D /* Build configuration list for PBXNativeTarget "DemoUITests" */ = {
			isa = XCConfigurationList;
			buildConfigurations = (
				0592DDF91C8C15130063526D /* Debug */,
				0592DDFA1C8C15130063526D /* Release */,
			);
			defaultConfigurationIsVisible = 0;
			defaultConfigurationName = Release;
		};
/* End XCConfigurationList section */
	};
	rootObject = 0592DDBD1C8C15130063526D /* Project object */;
}
